
Microsoft Visual Studio Solution File, Format Version 12.00
# Visual Studio Version 17
VisualStudioVersion = 17.5.002.0
MinimumVisualStudioVersion = 10.0.40219.1
Project("{9A19103F-16F7-4668-BE54-9A1E7A4F7556}") = "qrdn", "qrdn.csproj", "{9AC15047-ED3C-4A92-AEDD-AEE7269BD982}"
EndProject
Global
	GlobalSection(SolutionConfigurationPlatforms) = preSolution
		Debug|Any CPU = Debug|Any CPU
		Release|Any CPU = Release|Any CPU
	EndGlobalSection
	GlobalSection(ProjectConfigurationPlatforms) = postSolution
		{9AC15047-ED3C-4A92-AEDD-AEE7269BD982}.Debug|Any CPU.ActiveCfg = Debug|Any CPU
		{9AC15047-ED3C-4A92-AEDD-AEE7269BD982}.Debug|Any CPU.Build.0 = Debug|Any CPU
		{9AC15047-ED3C-4A92-AEDD-AEE7269BD982}.Release|Any CPU.ActiveCfg = Release|Any CPU
		{9AC15047-ED3C-4A92-AEDD-AEE7269BD982}.Release|Any CPU.Build.0 = Release|Any CPU
	EndGlobalSection
	GlobalSection(SolutionProperties) = preSolution
		HideSolutionNode = FALSE
	EndGlobalSection
	GlobalSection(ExtensibilityGlobals) = postSolution
		SolutionGuid = {6BDC6A00-B7A0-4596-A330-32BCAB3DA741}
	EndGlobalSection
EndGlobal
